
Microsoft Visual Studio Solution File, Format Version 12.00
# Visual Studio Version 16
VisualStudioVersion = 16.0.30611.23
MinimumVisualStudioVersion = 10.0.40219.1
Project("{FAE04EC0-301F-11D3-BF4B-00C04F79EFBC}") = "ExtensionMethods", "ExtensionMethods\ExtensionMethods.csproj", "{ECD69D3F-62C9-40D3-9474-8BD0BF610381}"
EndProject
Global
	GlobalSection(SolutionConfigurationPlatforms) = preSolution
		Debug|Any CPU = Debug|Any CPU
		Release|Any CPU = Release|Any CPU
	EndGlobalSection
	GlobalSection(ProjectConfigurationPlatforms) = postSolution
		{ECD69D3F-62C9-40D3-9474-8BD0BF610381}.Debug|Any CPU.ActiveCfg = Debug|Any CPU
		{ECD69D3F-62C9-40D3-9474-8BD0BF610381}.Debug|Any CPU.Build.0 = Debug|Any CPU
		{ECD69D3F-62C9-40D3-9474-8BD0BF610381}.Release|Any CPU.ActiveCfg = Release|Any CPU
		{ECD69D3F-62C9-40D3-9474-8BD0BF610381}.Release|Any CPU.Build.0 = Release|Any CPU
	EndGlobalSection
	GlobalSection(SolutionProperties) = preSolution
		HideSolutionNode = FALSE
	EndGlobalSection
	GlobalSection(ExtensibilityGlobals) = postSolution
		SolutionGuid = {2AC224E0-BE76-4CF1-9B66-799225341EBD}
	EndGlobalSection
EndGlobal
