
Microsoft Visual Studio Solution File, Format Version 12.00
# Visual Studio Version 16
VisualStudioVersion = 16.0.30611.23
MinimumVisualStudioVersion = 10.0.40219.1
Project("{FAE04EC0-301F-11D3-BF4B-00C04F79EFBC}") = "Exercicio", "Exercicio\Exercicio.csproj", "{B3BE8A51-3713-454A-81F3-6CBE38A5AAC4}"
EndProject
Global
	GlobalSection(SolutionConfigurationPlatforms) = preSolution
		Debug|Any CPU = Debug|Any CPU
		Release|Any CPU = Release|Any CPU
	EndGlobalSection
	GlobalSection(ProjectConfigurationPlatforms) = postSolution
		{B3BE8A51-3713-454A-81F3-6CBE38A5AAC4}.Debug|Any CPU.ActiveCfg = Debug|Any CPU
		{B3BE8A51-3713-454A-81F3-6CBE38A5AAC4}.Debug|Any CPU.Build.0 = Debug|Any CPU
		{B3BE8A51-3713-454A-81F3-6CBE38A5AAC4}.Release|Any CPU.ActiveCfg = Release|Any CPU
		{B3BE8A51-3713-454A-81F3-6CBE38A5AAC4}.Release|Any CPU.Build.0 = Release|Any CPU
	EndGlobalSection
	GlobalSection(SolutionProperties) = preSolution
		HideSolutionNode = FALSE
	EndGlobalSection
	GlobalSection(ExtensibilityGlobals) = postSolution
		SolutionGuid = {60C49ED2-FAA6-4F6A-9ADA-58449C9B1B71}
	EndGlobalSection
EndGlobal
