
Microsoft Visual Studio Solution File, Format Version 12.00
# Visual Studio Version 16
VisualStudioVersion = 16.0.30611.23
MinimumVisualStudioVersion = 10.0.40219.1
Project("{FAE04EC0-301F-11D3-BF4B-00C04F79EFBC}") = "ExercicioEnum1", "ExercicioEnum1\ExercicioEnum1.csproj", "{E2FC8E9B-7817-4B85-B8A5-A43466DB5A60}"
EndProject
Global
	GlobalSection(SolutionConfigurationPlatforms) = preSolution
		Debug|Any CPU = Debug|Any CPU
		Release|Any CPU = Release|Any CPU
	EndGlobalSection
	GlobalSection(ProjectConfigurationPlatforms) = postSolution
		{E2FC8E9B-7817-4B85-B8A5-A43466DB5A60}.Debug|Any CPU.ActiveCfg = Debug|Any CPU
		{E2FC8E9B-7817-4B85-B8A5-A43466DB5A60}.Debug|Any CPU.Build.0 = Debug|Any CPU
		{E2FC8E9B-7817-4B85-B8A5-A43466DB5A60}.Release|Any CPU.ActiveCfg = Release|Any CPU
		{E2FC8E9B-7817-4B85-B8A5-A43466DB5A60}.Release|Any CPU.Build.0 = Release|Any CPU
	EndGlobalSection
	GlobalSection(SolutionProperties) = preSolution
		HideSolutionNode = FALSE
	EndGlobalSection
	GlobalSection(ExtensibilityGlobals) = postSolution
		SolutionGuid = {4F43AA9A-DC23-453D-80E5-6A81678C6A59}
	EndGlobalSection
EndGlobal
