
Microsoft Visual Studio Solution File, Format Version 12.00
# Visual Studio Version 16
VisualStudioVersion = 16.0.30611.23
MinimumVisualStudioVersion = 10.0.40219.1
Project("{FAE04EC0-301F-11D3-BF4B-00C04F79EFBC}") = "Exercicio3", "Exercicio3\Exercicio3.csproj", "{23BAA548-664F-4218-AAC4-893ADE643F06}"
EndProject
Global
	GlobalSection(SolutionConfigurationPlatforms) = preSolution
		Debug|Any CPU = Debug|Any CPU
		Release|Any CPU = Release|Any CPU
	EndGlobalSection
	GlobalSection(ProjectConfigurationPlatforms) = postSolution
		{23BAA548-664F-4218-AAC4-893ADE643F06}.Debug|Any CPU.ActiveCfg = Debug|Any CPU
		{23BAA548-664F-4218-AAC4-893ADE643F06}.Debug|Any CPU.Build.0 = Debug|Any CPU
		{23BAA548-664F-4218-AAC4-893ADE643F06}.Release|Any CPU.ActiveCfg = Release|Any CPU
		{23BAA548-664F-4218-AAC4-893ADE643F06}.Release|Any CPU.Build.0 = Release|Any CPU
	EndGlobalSection
	GlobalSection(SolutionProperties) = preSolution
		HideSolutionNode = FALSE
	EndGlobalSection
	GlobalSection(ExtensibilityGlobals) = postSolution
		SolutionGuid = {88C8C5ED-B4FB-447C-9FBC-4874D8BDCD3C}
	EndGlobalSection
EndGlobal
