
Microsoft Visual Studio Solution File, Format Version 12.00
# Visual Studio Version 16
VisualStudioVersion = 16.0.30611.23
MinimumVisualStudioVersion = 10.0.40219.1
Project("{FAE04EC0-301F-11D3-BF4B-00C04F79EFBC}") = "Exercicio2", "Exercicio2\Exercicio2.csproj", "{DDCC36BE-9C44-487E-8D28-5492DA764723}"
EndProject
Global
	GlobalSection(SolutionConfigurationPlatforms) = preSolution
		Debug|Any CPU = Debug|Any CPU
		Release|Any CPU = Release|Any CPU
	EndGlobalSection
	GlobalSection(ProjectConfigurationPlatforms) = postSolution
		{DDCC36BE-9C44-487E-8D28-5492DA764723}.Debug|Any CPU.ActiveCfg = Debug|Any CPU
		{DDCC36BE-9C44-487E-8D28-5492DA764723}.Debug|Any CPU.Build.0 = Debug|Any CPU
		{DDCC36BE-9C44-487E-8D28-5492DA764723}.Release|Any CPU.ActiveCfg = Release|Any CPU
		{DDCC36BE-9C44-487E-8D28-5492DA764723}.Release|Any CPU.Build.0 = Release|Any CPU
	EndGlobalSection
	GlobalSection(SolutionProperties) = preSolution
		HideSolutionNode = FALSE
	EndGlobalSection
	GlobalSection(ExtensibilityGlobals) = postSolution
		SolutionGuid = {3C9103CC-DC72-468C-A080-0E09543B69FB}
	EndGlobalSection
EndGlobal
